schema: awx-docker.awx-lock/v1

upstream:
  repository: https://github.com/ansible/awx.git
  requested_ref: devel
  resolved_revision: 6fd612a058eb6c37d6c21bbbd43fe32185dd1dc5
  observed_at: "2026-06-19T00:00:00Z"

image:
  name: ghcr.io/robarmstrong96/awx-devel
  tag: production

promotion:
  source_branch: development
  promoted_by: repository-maintainer
  evidence_run_url: https://github.com/robarmstrong96/awx-docker/actions/runs/27841167315
  evidence_waiver: ""
  notes: Known-good image-pipeline evidence run for pinned revision.
